
Microsoft Visual Studio Solution File, Format Version 12.00
# Visual Studio Version 16
VisualStudioVersion = 16.0.30804.86
MinimumVisualStudioVersion = 10.0.40219.1
Project("{E53339B2-1760-4266-BCC7-CA923CBCF16C}") = "docker-compose", "docker-compose.dcproj", "{CEA0D812-EF20-40F8-B19A-9471114245E2}"
EndProject
Project("{2150E333-8FDC-42A3-9474-1A3956D46DE8}") = "build", "build", "{1419F5B9-FE4E-4E3B-A0A6-CCA384332399}"
EndProject
Project("{2150E333-8FDC-42A3-9474-1A3956D46DE8}") = "src", "src", "{5CF8FE5D-AFDD-40D4-A397-7CC6F9204658}"
EndProject
Project("{2150E333-8FDC-42A3-9474-1A3956D46DE8}") = "tests", "tests", "{581E2CCD-9200-46C9-84DA-303C4503D15C}"
EndProject
Project("{9A19103F-16F7-4668-BE54-9A1E7A4F7556}") = "RecipeBook.Api", "src\RecipeBook.Api\RecipeBook.Api.csproj", "{12C560F5-2DE9-4108-8CCC-F4FCBE4FA3D4}"
EndProject
Project("{9A19103F-16F7-4668-BE54-9A1E7A4F7556}") = "RecipeBook.ServiceLibrary", "src\RecipeBook.ServiceLibrary\RecipeBook.ServiceLibrary.csproj", "{E1A65A66-3063-433E-93F8-1599C8ED132E}"
EndProject
Project("{00D1A9C2-B5F0-4AF3-8072-F6C62B433612}") = "RecipeBook.Main", "src\RecipeBook.Main\RecipeBook.Main.sqlproj", "{CD59CF10-BD8A-4A51-BFFF-111666742869}"
EndProject
Global
	GlobalSection(SolutionConfigurationPlatforms) = preSolution
		Debug|Any CPU = Debug|Any CPU
		Release|Any CPU = Release|Any CPU
	EndGlobalSection
	GlobalSection(ProjectConfigurationPlatforms) = postSolution
		{CEA0D812-EF20-40F8-B19A-9471114245E2}.Debug|Any CPU.ActiveCfg = Debug|Any CPU
		{CEA0D812-EF20-40F8-B19A-9471114245E2}.Debug|Any CPU.Build.0 = Debug|Any CPU
		{CEA0D812-EF20-40F8-B19A-9471114245E2}.Release|Any CPU.ActiveCfg = Release|Any CPU
		{CEA0D812-EF20-40F8-B19A-9471114245E2}.Release|Any CPU.Build.0 = Release|Any CPU
		{12C560F5-2DE9-4108-8CCC-F4FCBE4FA3D4}.Debug|Any CPU.ActiveCfg = Debug|Any CPU
		{12C560F5-2DE9-4108-8CCC-F4FCBE4FA3D4}.Debug|Any CPU.Build.0 = Debug|Any CPU
		{12C560F5-2DE9-4108-8CCC-F4FCBE4FA3D4}.Release|Any CPU.ActiveCfg = Release|Any CPU
		{12C560F5-2DE9-4108-8CCC-F4FCBE4FA3D4}.Release|Any CPU.Build.0 = Release|Any CPU
		{E1A65A66-3063-433E-93F8-1599C8ED132E}.Debug|Any CPU.ActiveCfg = Debug|Any CPU
		{E1A65A66-3063-433E-93F8-1599C8ED132E}.Debug|Any CPU.Build.0 = Debug|Any CPU
		{E1A65A66-3063-433E-93F8-1599C8ED132E}.Release|Any CPU.ActiveCfg = Release|Any CPU
		{E1A65A66-3063-433E-93F8-1599C8ED132E}.Release|Any CPU.Build.0 = Release|Any CPU
		{CD59CF10-BD8A-4A51-BFFF-111666742869}.Debug|Any CPU.ActiveCfg = Debug|Any CPU
		{CD59CF10-BD8A-4A51-BFFF-111666742869}.Debug|Any CPU.Build.0 = Debug|Any CPU
		{CD59CF10-BD8A-4A51-BFFF-111666742869}.Debug|Any CPU.Deploy.0 = Debug|Any CPU
		{CD59CF10-BD8A-4A51-BFFF-111666742869}.Release|Any CPU.ActiveCfg = Release|Any CPU
		{CD59CF10-BD8A-4A51-BFFF-111666742869}.Release|Any CPU.Build.0 = Release|Any CPU
		{CD59CF10-BD8A-4A51-BFFF-111666742869}.Release|Any CPU.Deploy.0 = Release|Any CPU
	EndGlobalSection
	GlobalSection(SolutionProperties) = preSolution
		HideSolutionNode = FALSE
	EndGlobalSection
	GlobalSection(NestedProjects) = preSolution
		{12C560F5-2DE9-4108-8CCC-F4FCBE4FA3D4} = {5CF8FE5D-AFDD-40D4-A397-7CC6F9204658}
		{E1A65A66-3063-433E-93F8-1599C8ED132E} = {5CF8FE5D-AFDD-40D4-A397-7CC6F9204658}
		{CD59CF10-BD8A-4A51-BFFF-111666742869} = {5CF8FE5D-AFDD-40D4-A397-7CC6F9204658}
	EndGlobalSection
	GlobalSection(ExtensibilityGlobals) = postSolution
		SolutionGuid = {88B34C8D-9BBB-4389-A479-BE5C9AD465FE}
	EndGlobalSection
EndGlobal
