
Microsoft Visual Studio Solution File, Format Version 12.00
# Visual Studio Version 16
VisualStudioVersion = 16.0.30804.86
MinimumVisualStudioVersion = 10.0.40219.1
Project("{9A19103F-16F7-4668-BE54-9A1E7A4F7556}") = "RecipeBook.Api", "RecipeBook.Api\RecipeBook.Api.csproj", "{9048442F-3656-41B8-B0AB-C9017C96B145}"
EndProject
Project("{E53339B2-1760-4266-BCC7-CA923CBCF16C}") = "docker-compose", "docker-compose.dcproj", "{CEA0D812-EF20-40F8-B19A-9471114245E2}"
EndProject
Global
	GlobalSection(SolutionConfigurationPlatforms) = preSolution
		Debug|Any CPU = Debug|Any CPU
		Release|Any CPU = Release|Any CPU
	EndGlobalSection
	GlobalSection(ProjectConfigurationPlatforms) = postSolution
		{9048442F-3656-41B8-B0AB-C9017C96B145}.Debug|Any CPU.ActiveCfg = Debug|Any CPU
		{9048442F-3656-41B8-B0AB-C9017C96B145}.Debug|Any CPU.Build.0 = Debug|Any CPU
		{9048442F-3656-41B8-B0AB-C9017C96B145}.Release|Any CPU.ActiveCfg = Release|Any CPU
		{9048442F-3656-41B8-B0AB-C9017C96B145}.Release|Any CPU.Build.0 = Release|Any CPU
		{CEA0D812-EF20-40F8-B19A-9471114245E2}.Debug|Any CPU.ActiveCfg = Debug|Any CPU
		{CEA0D812-EF20-40F8-B19A-9471114245E2}.Debug|Any CPU.Build.0 = Debug|Any CPU
		{CEA0D812-EF20-40F8-B19A-9471114245E2}.Release|Any CPU.ActiveCfg = Release|Any CPU
		{CEA0D812-EF20-40F8-B19A-9471114245E2}.Release|Any CPU.Build.0 = Release|Any CPU
	EndGlobalSection
	GlobalSection(SolutionProperties) = preSolution
		HideSolutionNode = FALSE
	EndGlobalSection
	GlobalSection(ExtensibilityGlobals) = postSolution
		SolutionGuid = {88B34C8D-9BBB-4389-A479-BE5C9AD465FE}
	EndGlobalSection
EndGlobal
